
Microsoft Visual Studio Solution File, Format Version 12.00
# Visual Studio 15
VisualStudioVersion = 15.0.28307.438
MinimumVisualStudioVersion = 10.0.40219.1
Project("{8BC9CEB8-8B4A-11D0-8D11-00A0C91BC942}") = "lock_basics", "lock_basics\lock_basics.vcxproj", "{DEAD60C0-6C69-4B7F-A31A-A2946E7E4CA9}"
EndProject
Global
	GlobalSection(SolutionConfigurationPlatforms) = preSolution
		Debug|x64 = Debug|x64
		Debug|x86 = Debug|x86
		Release|x64 = Release|x64
		Release|x86 = Release|x86
	EndGlobalSection
	GlobalSection(ProjectConfigurationPlatforms) = postSolution
		{DEAD60C0-6C69-4B7F-A31A-A2946E7E4CA9}.Debug|x64.ActiveCfg = Debug|x64
		{DEAD60C0-6C69-4B7F-A31A-A2946E7E4CA9}.Debug|x64.Build.0 = Debug|x64
		{DEAD60C0-6C69-4B7F-A31A-A2946E7E4CA9}.Debug|x86.ActiveCfg = Debug|Win32
		{DEAD60C0-6C69-4B7F-A31A-A2946E7E4CA9}.Debug|x86.Build.0 = Debug|Win32
		{DEAD60C0-6C69-4B7F-A31A-A2946E7E4CA9}.Release|x64.ActiveCfg = Release|x64
		{DEAD60C0-6C69-4B7F-A31A-A2946E7E4CA9}.Release|x64.Build.0 = Release|x64
		{DEAD60C0-6C69-4B7F-A31A-A2946E7E4CA9}.Release|x86.ActiveCfg = Release|Win32
		{DEAD60C0-6C69-4B7F-A31A-A2946E7E4CA9}.Release|x86.Build.0 = Release|Win32
	EndGlobalSection
	GlobalSection(SolutionProperties) = preSolution
		HideSolutionNode = FALSE
	EndGlobalSection
	GlobalSection(ExtensibilityGlobals) = postSolution
		SolutionGuid = {8B2564DC-4744-4B02-8138-827DD31B2ED6}
	EndGlobalSection
EndGlobal
